
Microsoft Visual Studio Solution File, Format Version 12.00
# Visual Studio Version 16
VisualStudioVersion = 16.0.29806.167
MinimumVisualStudioVersion = 10.0.40219.1
Project("{FAE04EC0-301F-11D3-BF4B-00C04F79EFBC}") = "reaxlisten", "reaxlisten.csproj", "{AA8D16A3-6C3F-43E4-BF84-0ACBA4B2C1C5}"
EndProject
Global
	GlobalSection(SolutionConfigurationPlatforms) = preSolution
		Debug|Any CPU = Debug|Any CPU
		Release|Any CPU = Release|Any CPU
	EndGlobalSection
	GlobalSection(ProjectConfigurationPlatforms) = postSolution
		{AA8D16A3-6C3F-43E4-BF84-0ACBA4B2C1C5}.Debug|Any CPU.ActiveCfg = Debug|Any CPU
		{AA8D16A3-6C3F-43E4-BF84-0ACBA4B2C1C5}.Debug|Any CPU.Build.0 = Debug|Any CPU
		{AA8D16A3-6C3F-43E4-BF84-0ACBA4B2C1C5}.Release|Any CPU.ActiveCfg = Release|Any CPU
		{AA8D16A3-6C3F-43E4-BF84-0ACBA4B2C1C5}.Release|Any CPU.Build.0 = Release|Any CPU
	EndGlobalSection
	GlobalSection(SolutionProperties) = preSolution
		HideSolutionNode = FALSE
	EndGlobalSection
	GlobalSection(ExtensibilityGlobals) = postSolution
		SolutionGuid = {A30A60DF-9884-468B-8980-CA1A07415433}
	EndGlobalSection
EndGlobal
